// !$*UTF8*$!
{
	archiveVersion = 1;
	classes = {
	};
	objectVersion = 77;
	objects = {

/* Begin PBXBuildFile section */
		F5D40CB52DC22B7400B78B0F /* FirebaseAuth in Frameworks */ = {isa = PBXBuildFile; productRef = F5D40CB42DC22B7400B78B0F /* FirebaseAuth */; };
		F5D40CB72DC22B7400B78B0F /* FirebaseCore in Frameworks */ = {isa = PBXBuildFile; productRef = F5D40CB62DC22B7400B78B0F /* FirebaseCore */; };
		F5D40CB92DC22B7400B78B0F /* FirebaseDatabase in Frameworks */ = {isa = PBXBuildFile; productRef = F5D40CB82DC22B7400B78B0F /* FirebaseDatabase */; };
		F5D40CBB2DC22B7400B78B0F /* FirebaseFirestore in Frameworks */ = {isa = PBXBuildFile; productRef = F5D40CBA2DC22B7400B78B0F /* FirebaseFirestore */; };
		F5D40CBD2DC22B7400B78B0F /* FirebaseFunctions in Frameworks */ = {isa = PBXBuildFile; productRef = F5D40CBC2DC22B7400B78B0F /* FirebaseFunctions */; };
		F5D40CBF2DC22B7400B78B0F /* FirebaseMessaging in Frameworks */ = {isa = PBXBuildFile; productRef = F5D40CBE2DC22B7400B78B0F /* FirebaseMessaging */; };
/* End PBXBuildFile section */

/* Begin PBXContainerItemProxy section */
		F58D59A42DBF8689007AE133 /* PBXContainerItemProxy */ = {
			isa = PBXContainerItemProxy;
			containerPortal = F58D59862DBF8687007AE133 /* Project object */;
			proxyType = 1;
			remoteGlobalIDString = F58D598D2DBF8687007AE133;
			remoteInfo = Kamelna;
		};
		F58D59AE2DBF8689007AE133 /* PBXContainerItemProxy */ = {
			isa = PBXContainerItemProxy;
			containerPortal = F58D59862DBF8687007AE133 /* Project object */;
			proxyType = 1;
			remoteGlobalIDString = F58D598D2DBF8687007AE133;
			remoteInfo = Kamelna;
		};
/* End PBXContainerItemProxy section */

/* Begin PBXFileReference section */
		F58D598E2DBF8687007AE133 /* Kamelna.app */ = {isa = PBXFileReference; explicitFileType = wrapper.application; includeInIndex = 0; path = Kamelna.app; sourceTree = BUILT_PRODUCTS_DIR; };
		F58D59A32DBF8689007AE133 /* KamelnaTests.xctest */ = {isa = PBXFileReference; explicitFileType = wrapper.cfbundle; includeInIndex = 0; path = KamelnaTests.xctest; sourceTree = BUILT_PRODUCTS_DIR; };
		F58D59AD2DBF8689007AE133 /* KamelnaUITests.xctest */ = {isa = PBXFileReference; explicitFileType = wrapper.cfbundle; includeInIndex = 0; path = KamelnaUITests.xctest; sourceTree = BUILT_PRODUCTS_DIR; };
/* End PBXFileReference section */

/* Begin PBXFileSystemSynchronizedRootGroup section */
		F58D59902DBF8687007AE133 /* Kamelna */ = {
			isa = PBXFileSystemSynchronizedRootGroup;
			path = Kamelna;
			sourceTree = "<group>";
		};
		F58D59A62DBF8689007AE133 /* KamelnaTests */ = {
			isa = PBXFileSystemSynchronizedRootGroup;
			path = KamelnaTests;
			sourceTree = "<group>";
		};
		F58D59B02DBF8689007AE133 /* KamelnaUITests */ = {
			isa = PBXFileSystemSynchronizedRootGroup;
			path = KamelnaUITests;
			sourceTree = "<group>";
		};
/* End PBXFileSystemSynchronizedRootGroup section */

/* Begin PBXFrameworksBuildPhase section */
		F58D598B2DBF8687007AE133 /* Frameworks */ = {
			isa = PBXFrameworksBuildPhase;
			buildActionMask = 2147483647;
			files = (
				F5D40CBF2DC22B7400B78B0F /* FirebaseMessaging in Frameworks */,
				F5D40CB92DC22B7400B78B0F /* FirebaseDatabase in Frameworks */,
				F5D40CBB2DC22B7400B78B0F /* FirebaseFirestore in Frameworks */,
				F5D40CBD2DC22B7400B78B0F /* FirebaseFunctions in Frameworks */,
				F5D40CB72DC22B7400B78B0F /* FirebaseCore in Frameworks */,
				F5D40CB52DC22B7400B78B0F /* FirebaseAuth in Frameworks */,
			);
			runOnlyForDeploymentPostprocessing = 0;
		};
		F58D59A02DBF8689007AE133 /* Frameworks */ = {
			isa = PBXFrameworksBuildPhase;
			buildActionMask = 2147483647;
			files = (
			);
			runOnlyForDeploymentPostprocessing = 0;
		};
		F58D59AA2DBF8689007AE133 /* Frameworks */ = {
			isa = PBXFrameworksBuildPhase;
			buildActionMask = 2147483647;
			files = (
			);
			runOnlyForDeploymentPostprocessing = 0;
		};
/* End PBXFrameworksBuildPhase section */

/* Begin PBXGroup section */
		F58D59852DBF8687007AE133 = {
			isa = PBXGroup;
			children = (
				F58D59902DBF8687007AE133 /* Kamelna */,
				F58D59A62DBF8689007AE133 /* KamelnaTests */,
				F58D59B02DBF8689007AE133 /* KamelnaUITests */,
				F58D598F2DBF8687007AE133 /* Products */,
			);
			sourceTree = "<group>";
		};
		F58D598F2DBF8687007AE133 /* Products */ = {
			isa = PBXGroup;
			children = (
				F58D598E2DBF8687007AE133 /* Kamelna.app */,
				F58D59A32DBF8689007AE133 /* KamelnaTests.xctest */,
				F58D59AD2DBF8689007AE133 /* KamelnaUITests.xctest */,
			);
			name = Products;
			sourceTree = "<group>";
		};
/* End PBXGroup section */

/* Begin PBXNativeTarget section */
		F58D598D2DBF8687007AE133 /* Kamelna */ = {
			isa = PBXNativeTarget;
			buildConfigurationList = F58D59B72DBF8689007AE133 /* Build configuration list for PBXNativeTarget "Kamelna" */;
			buildPhases = (
				F58D598A2DBF8687007AE133 /* Sources */,
				F58D598B2DBF8687007AE133 /* Frameworks */,
				F58D598C2DBF8687007AE133 /* Resources */,
			);
			buildRules = (
			);
			dependencies = (
			);
			fileSystemSynchronizedGroups = (
				F58D59902DBF8687007AE133 /* Kamelna */,
			);
			name = Kamelna;
			packageProductDependencies = (
				F5D40CB42DC22B7400B78B0F /* FirebaseAuth */,
				F5D40CB62DC22B7400B78B0F /* FirebaseCore */,
				F5D40CB82DC22B7400B78B0F /* FirebaseDatabase */,
				F5D40CBA2DC22B7400B78B0F /* FirebaseFirestore */,
				F5D40CBC2DC22B7400B78B0F /* FirebaseFunctions */,
				F5D40CBE2DC22B7400B78B0F /* FirebaseMessaging */,
			);
			productName = Kamelna;
			productReference = F58D598E2DBF8687007AE133 /* Kamelna.app */;
			productType = "com.apple.product-type.application";
		};
		F58D59A22DBF8689007AE133 /* KamelnaTests */ = {
			isa = PBXNativeTarget;
			buildConfigurationList = F58D59BA2DBF8689007AE133 /* Build configuration list for PBXNativeTarget "KamelnaTests" */;
			buildPhases = (
				F58D599F2DBF8689007AE133 /* Sources */,
				F58D59A02DBF8689007AE133 /* Frameworks */,
				F58D59A12DBF8689007AE133 /* Resources */,
			);
			buildRules = (
			);
			dependencies = (
				F58D59A52DBF8689007AE133 /* PBXTargetDependency */,
			);
			fileSystemSynchronizedGroups = (
				F58D59A62DBF8689007AE133 /* KamelnaTests */,
			);
			name = KamelnaTests;
			packageProductDependencies = (
			);
			productName = KamelnaTests;
			productReference = F58D59A32DBF8689007AE133 /* KamelnaTests.xctest */;
			productType = "com.apple.product-type.bundle.unit-test";
		};
		F58D59AC2DBF8689007AE133 /* KamelnaUITests */ = {
			isa = PBXNativeTarget;
			buildConfigurationList = F58D59BD2DBF8689007AE133 /* Build configuration list for PBXNativeTarget "KamelnaUITests" */;
			buildPhases = (
				F58D59A92DBF8689007AE133 /* Sources */,
				F58D59AA2DBF8689007AE133 /* Frameworks */,
				F58D59AB2DBF8689007AE133 /* Resources */,
			);
			buildRules = (
			);
			dependencies = (
				F58D59AF2DBF8689007AE133 /* PBXTargetDependency */,
			);
			fileSystemSynchronizedGroups = (
				F58D59B02DBF8689007AE133 /* KamelnaUITests */,
			);
			name = KamelnaUITests;
			packageProductDependencies = (
			);
			productName = KamelnaUITests;
			productReference = F58D59AD2DBF8689007AE133 /* KamelnaUITests.xctest */;
			productType = "com.apple.product-type.bundle.ui-testing";
		};
/* End PBXNativeTarget section */

/* Begin PBXProject section */
		F58D59862DBF8687007AE133 /* Project object */ = {
			isa = PBXProject;
			attributes = {
				BuildIndependentTargetsInParallel = 1;
				LastSwiftUpdateCheck = 1620;
				LastUpgradeCheck = 1620;
				TargetAttributes = {
					F58D598D2DBF8687007AE133 = {
						CreatedOnToolsVersion = 16.2;
					};
					F58D59A22DBF8689007AE133 = {
						CreatedOnToolsVersion = 16.2;
						TestTargetID = F58D598D2DBF8687007AE133;
					};
					F58D59AC2DBF8689007AE133 = {
						CreatedOnToolsVersion = 16.2;
						TestTargetID = F58D598D2DBF8687007AE133;
					};
				};
			};
			buildConfigurationList = F58D59892DBF8687007AE133 /* Build configuration list for PBXProject "Kamelna" */;
			developmentRegion = en;
			hasScannedForEncodings = 0;
			knownRegions = (
				en,
				Base,
			);
			mainGroup = F58D59852DBF8687007AE133;
			minimizedProjectReferenceProxies = 1;
			packageReferences = (
				F5D40CB32DC22B7400B78B0F /* XCRemoteSwiftPackageReference "firebase-ios-sdk" */,
			);
			preferredProjectObjectVersion = 77;
			productRefGroup = F58D598F2DBF8687007AE133 /* Products */;
			projectDirPath = "";
			projectRoot = "";
			targets = (
				F58D598D2DBF8687007AE133 /* Kamelna */,
				F58D59A22DBF8689007AE133 /* KamelnaTests */,
				F58D59AC2DBF8689007AE133 /* KamelnaUITests */,
			);
		};
/* End PBXProject section */

/* Begin PBXResourcesBuildPhase section */
		F58D598C2DBF8687007AE133 /* Resources */ = {
			isa = PBXResourcesBuildPhase;
			buildActionMask = 2147483647;
			files = (
			);
			runOnlyForDeploymentPostprocessing = 0;
		};
		F58D59A12DBF8689007AE133 /* Resources */ = {
			isa = PBXResourcesBuildPhase;
			buildActionMask = 2147483647;
			files = (
			);
			runOnlyForDeploymentPostprocessing = 0;
		};
		F58D59AB2DBF8689007AE133 /* Resources */ = {
			isa = PBXResourcesBuildPhase;
			buildActionMask = 2147483647;
			files = (
			);
			runOnlyForDeploymentPostprocessing = 0;
		};
/* End PBXResourcesBuildPhase section */

/* Begin PBXSourcesBuildPhase section */
		F58D598A2DBF8687007AE133 /* Sources */ = {
			isa = PBXSourcesBuildPhase;
			buildActionMask = 2147483647;
			files = (
			);
			runOnlyForDeploymentPostprocessing = 0;
		};
		F58D599F2DBF8689007AE133 /* Sources */ = {
			isa = PBXSourcesBuildPhase;
			buildActionMask = 2147483647;
			files = (
			);
			runOnlyForDeploymentPostprocessing = 0;
		};
		F58D59A92DBF8689007AE133 /* Sources */ = {
			isa = PBXSourcesBuildPhase;
			buildActionMask = 2147483647;
			files = (
			);
			runOnlyForDeploymentPostprocessing = 0;
		};
/* End PBXSourcesBuildPhase section */

/* Begin PBXTargetDependency section */
		F58D59A52DBF8689007AE133 /* PBXTargetDependency */ = {
			isa = PBXTargetDependency;
			target = F58D598D2DBF8687007AE133 /* Kamelna */;
			targetProxy = F58D59A42DBF8689007AE133 /* PBXContainerItemProxy */;
		};
		F58D59AF2DBF8689007AE133 /* PBXTargetDependency */ = {
			isa = PBXTargetDependency;
			target = F58D598D2DBF8687007AE133 /* Kamelna */;
			targetProxy = F58D59AE2DBF8689007AE133 /* PBXContainerItemProxy */;
		};
/* End PBXTargetDependency section */

/* Begin XCBuildConfiguration section */
		F58D59B52DBF8689007AE133 /* Debug */ = {
			isa = XCBuildConfiguration;
			buildSettings = {
				ALWAYS_SEARCH_USER_PATHS = NO;
				ASSETCATALOG_COMPILER_GENERATE_SWIFT_ASSET_SYMBOL_EXTENSIONS = YES;
				CLANG_ANALYZER_NONNULL = YES;
				CLANG_ANALYZER_NUMBER_OBJECT_CONVERSION = YES_AGGRESSIVE;
				CLANG_CXX_LANGUAGE_STANDARD = "gnu++20";
				CLANG_ENABLE_MODULES = YES;
				CLANG_ENABLE_OBJC_ARC = YES;
				CLANG_ENABLE_OBJC_WEAK = YES;
				CLANG_WARN_BLOCK_CAPTURE_AUTORELEASING = YES;
				CLANG_WARN_BOOL_CONVERSION = YES;
				CLANG_WARN_COMMA = YES;
				CLANG_WARN_CONSTANT_CONVERSION = YES;
				CLANG_WARN_DEPRECATED_OBJC_IMPLEMENTATIONS = YES;
				CLANG_WARN_DIRECT_OBJC_ISA_USAGE = YES_ERROR;
				CLANG_WARN_DOCUMENTATION_COMMENTS = YES;
				CLANG_WARN_EMPTY_BODY = YES;
				CLANG_WARN_ENUM_CONVERSION = YES;
				CLANG_WARN_INFINITE_RECURSION = YES;
				CLANG_WARN_INT_CONVERSION = YES;
				CLANG_WARN_NON_LITERAL_NULL_CONVERSION = YES;
				CLANG_WARN_OBJC_IMPLICIT_RETAIN_SELF = YES;
				CLANG_WARN_OBJC_LITERAL_CONVERSION = YES;
				CLANG_WARN_OBJC_ROOT_CLASS = YES_ERROR;
				CLANG_WARN_QUOTED_INCLUDE_IN_FRAMEWORK_HEADER = YES;
				CLANG_WARN_RANGE_LOOP_ANALYSIS = YES;
				CLANG_WARN_STRICT_PROTOTYPES = YES;
				CLANG_WARN_SUSPICIOUS_MOVE = YES;
				CLANG_WARN_UNGUARDED_AVAILABILITY = YES_AGGRESSIVE;
				CLANG_WARN_UNREACHABLE_CODE = YES;
				CLANG_WARN__DUPLICATE_METHOD_MATCH = YES;
				COPY_PHASE_STRIP = NO;
				DEBUG_INFORMATION_FORMAT = dwarf;
				ENABLE_STRICT_OBJC_MSGSEND = YES;
				ENABLE_TESTABILITY = YES;
				ENABLE_USER_SCRIPT_SANDBOXING = YES;
				GCC_C_LANGUAGE_STANDARD = gnu17;
				GCC_DYNAMIC_NO_PIC = NO;
				GCC_NO_COMMON_BLOCKS = YES;
				GCC_OPTIMIZATION_LEVEL = 0;
				GCC_PREPROCESSOR_DEFINITIONS = (
					"DEBUG=1",
					"$(inherited)",
				);
				GCC_WARN_64_TO_32_BIT_CONVERSION = YES;
				GCC_WARN_ABOUT_RETURN_TYPE = YES_ERROR;
				GCC_WARN_UNDECLARED_SELECTOR = YES;
				GCC_WARN_UNINITIALIZED_AUTOS = YES_AGGRESSIVE;
				GCC_WARN_UNUSED_FUNCTION = YES;
				GCC_WARN_UNUSED_VARIABLE = YES;
				IPHONEOS_DEPLOYMENT_TARGET = 18.2;
				LOCALIZATION_PREFERS_STRING_CATALOGS = YES;
				MTL_ENABLE_DEBUG_INFO = INCLUDE_SOURCE;
				MTL_FAST_MATH = YES;
				ONLY_ACTIVE_ARCH = YES;
				SDKROOT = iphoneos;
				SWIFT_ACTIVE_COMPILATION_CONDITIONS = "DEBUG $(inherited)";
				SWIFT_OPTIMIZATION_LEVEL = "-Onone";
			};
			name = Debug;
		};
		F58D59B62DBF8689007AE133 /* Release */ = {
			isa = XCBuildConfiguration;
			buildSettings = {
				ALWAYS_SEARCH_USER_PATHS = NO;
				ASSETCATALOG_COMPILER_GENERATE_SWIFT_ASSET_SYMBOL_EXTENSIONS = YES;
				CLANG_ANALYZER_NONNULL = YES;
				CLANG_ANALYZER_NUMBER_OBJECT_CONVERSION = YES_AGGRESSIVE;
				CLANG_CXX_LANGUAGE_STANDARD = "gnu++20";
				CLANG_ENABLE_MODULES = YES;
				CLANG_ENABLE_OBJC_ARC = YES;
				CLANG_ENABLE_OBJC_WEAK = YES;
				CLANG_WARN_BLOCK_CAPTURE_AUTORELEASING = YES;
				CLANG_WARN_BOOL_CONVERSION = YES;
				CLANG_WARN_COMMA = YES;
				CLANG_WARN_CONSTANT_CONVERSION = YES;
				CLANG_WARN_DEPRECATED_OBJC_IMPLEMENTATIONS = YES;
				CLANG_WARN_DIRECT_OBJC_ISA_USAGE = YES_ERROR;
				CLANG_WARN_DOCUMENTATION_COMMENTS = YES;
				CLANG_WARN_EMPTY_BODY = YES;
				CLANG_WARN_ENUM_CONVERSION = YES;
				CLANG_WARN_INFINITE_RECURSION = YES;
				CLANG_WARN_INT_CONVERSION = YES;
				CLANG_WARN_NON_LITERAL_NULL_CONVERSION = YES;
				CLANG_WARN_OBJC_IMPLICIT_RETAIN_SELF = YES;
				CLANG_WARN_OBJC_LITERAL_CONVERSION = YES;
				CLANG_WARN_OBJC_ROOT_CLASS = YES_ERROR;
				CLANG_WARN_QUOTED_INCLUDE_IN_FRAMEWORK_HEADER = YES;
				CLANG_WARN_RANGE_LOOP_ANALYSIS = YES;
				CLANG_WARN_STRICT_PROTOTYPES = YES;
				CLANG_WARN_SUSPICIOUS_MOVE = YES;
				CLANG_WARN_UNGUARDED_AVAILABILITY = YES_AGGRESSIVE;
				CLANG_WARN_UNREACHABLE_CODE = YES;
				CLANG_WARN__DUPLICATE_METHOD_MATCH = YES;
				COPY_PHASE_STRIP = NO;
				DEBUG_INFORMATION_FORMAT = "dwarf-with-dsym";
				ENABLE_NS_ASSERTIONS = NO;
				ENABLE_STRICT_OBJC_MSGSEND = YES;
				ENABLE_USER_SCRIPT_SANDBOXING = YES;
				GCC_C_LANGUAGE_STANDARD = gnu17;
				GCC_NO_COMMON_BLOCKS = YES;
				GCC_WARN_64_TO_32_BIT_CONVERSION = YES;
				GCC_WARN_ABOUT_RETURN_TYPE = YES_ERROR;
				GCC_WARN_UNDECLARED_SELECTOR = YES;
				GCC_WARN_UNINITIALIZED_AUTOS = YES_AGGRESSIVE;
				GCC_WARN_UNUSED_FUNCTION = YES;
				GCC_WARN_UNUSED_VARIABLE = YES;
				IPHONEOS_DEPLOYMENT_TARGET = 18.2;
				LOCALIZATION_PREFERS_STRING_CATALOGS = YES;
				MTL_ENABLE_DEBUG_INFO = NO;
				MTL_FAST_MATH = YES;
				SDKROOT = iphoneos;
				SWIFT_COMPILATION_MODE = wholemodule;
				VALIDATE_PRODUCT = YES;
			};
			name = Release;
		};
		F58D59B82DBF8689007AE133 /* Debug */ = {
			isa = XCBuildConfiguration;
			buildSettings = {
				ASSETCATALOG_COMPILER_APPICON_NAME = AppIcon;
				ASSETCATALOG_COMPILER_GLOBAL_ACCENT_COLOR_NAME = AccentColor;
				CODE_SIGN_STYLE = Automatic;
				CURRENT_PROJECT_VERSION = 1;
				DEVELOPMENT_ASSET_PATHS = "\"Kamelna/Preview Content\"";
				DEVELOPMENT_TEAM = ZA23JTQV5N;
				ENABLE_PREVIEWS = YES;
				GENERATE_INFOPLIST_FILE = YES;
				INFOPLIST_KEY_UIApplicationSceneManifest_Generation = YES;
				INFOPLIST_KEY_UIApplicationSupportsIndirectInputEvents = YES;
				INFOPLIST_KEY_UILaunchScreen_Generation = YES;
				INFOPLIST_KEY_UISupportedInterfaceOrientations_iPad = "UIInterfaceOrientationPortrait UIInterfaceOrientationPortraitUpsideDown UIInterfaceOrientationLandscapeLeft UIInterfaceOrientationLandscapeRight";
				INFOPLIST_KEY_UISupportedInterfaceOrientations_iPhone = "UIInterfaceOrientationPortrait UIInterfaceOrientationLandscapeLeft UIInterfaceOrientationLandscapeRight";
				IPHONEOS_DEPLOYMENT_TARGET = 17.6;
				LD_RUNPATH_SEARCH_PATHS = (
					"$(inherited)",
					"@executable_path/Frameworks",
				);
				MARKETING_VERSION = 1.0;
				PRODUCT_BUNDLE_IDENTIFIER = iti.Kamelna;
				PRODUCT_NAME = "$(TARGET_NAME)";
				SWIFT_EMIT_LOC_STRINGS = YES;
				SWIFT_VERSION = 5.0;
				TARGETED_DEVICE_FAMILY = "1,2";
			};
			name = Debug;
		};
		F58D59B92DBF8689007AE133 /* Release */ = {
			isa = XCBuildConfiguration;
			buildSettings = {
				ASSETCATALOG_COMPILER_APPICON_NAME = AppIcon;
				ASSETCATALOG_COMPILER_GLOBAL_ACCENT_COLOR_NAME = AccentColor;
				CODE_SIGN_STYLE = Automatic;
				CURRENT_PROJECT_VERSION = 1;
				DEVELOPMENT_ASSET_PATHS = "\"Kamelna/Preview Content\"";
				DEVELOPMENT_TEAM = ZA23JTQV5N;
				ENABLE_PREVIEWS = YES;
				GENERATE_INFOPLIST_FILE = YES;
				INFOPLIST_KEY_UIApplicationSceneManifest_Generation = YES;
				INFOPLIST_KEY_UIApplicationSupportsIndirectInputEvents = YES;
				INFOPLIST_KEY_UILaunchScreen_Generation = YES;
				INFOPLIST_KEY_UISupportedInterfaceOrientations_iPad = "UIInterfaceOrientationPortrait UIInterfaceOrientationPortraitUpsideDown UIInterfaceOrientationLandscapeLeft UIInterfaceOrientationLandscapeRight";
				INFOPLIST_KEY_UISupportedInterfaceOrientations_iPhone = "UIInterfaceOrientationPortrait UIInterfaceOrientationLandscapeLeft UIInterfaceOrientationLandscapeRight";
				IPHONEOS_DEPLOYMENT_TARGET = 17.6;
				LD_RUNPATH_SEARCH_PATHS = (
					"$(inherited)",
					"@executable_path/Frameworks",
				);
				MARKETING_VERSION = 1.0;
				PRODUCT_BUNDLE_IDENTIFIER = iti.Kamelna;
				PRODUCT_NAME = "$(TARGET_NAME)";
				SWIFT_EMIT_LOC_STRINGS = YES;
				SWIFT_VERSION = 5.0;
				TARGETED_DEVICE_FAMILY = "1,2";
			};
			name = Release;
		};
		F58D59BB2DBF8689007AE133 /* Debug */ = {
			isa = XCBuildConfiguration;
			buildSettings = {
				BUNDLE_LOADER = "$(TEST_HOST)";
				CODE_SIGN_STYLE = Automatic;
				CURRENT_PROJECT_VERSION = 1;
				DEVELOPMENT_TEAM = ZA23JTQV5N;
				GENERATE_INFOPLIST_FILE = YES;
				IPHONEOS_DEPLOYMENT_TARGET = 18.2;
				MARKETING_VERSION = 1.0;
				PRODUCT_BUNDLE_IDENTIFIER = iti.KamelnaTests;
				PRODUCT_NAME = "$(TARGET_NAME)";
				SWIFT_EMIT_LOC_STRINGS = NO;
				SWIFT_VERSION = 5.0;
				TARGETED_DEVICE_FAMILY = "1,2";
				TEST_HOST = "$(BUILT_PRODUCTS_DIR)/Kamelna.app/$(BUNDLE_EXECUTABLE_FOLDER_PATH)/Kamelna";
			};
			name = Debug;
		};
		F58D59BC2DBF8689007AE133 /* Release */ = {
			isa = XCBuildConfiguration;
			buildSettings = {
				BUNDLE_LOADER = "$(TEST_HOST)";
				CODE_SIGN_STYLE = Automatic;
				CURRENT_PROJECT_VERSION = 1;
				DEVELOPMENT_TEAM = ZA23JTQV5N;
				GENERATE_INFOPLIST_FILE = YES;
				IPHONEOS_DEPLOYMENT_TARGET = 18.2;
				MARKETING_VERSION = 1.0;
				PRODUCT_BUNDLE_IDENTIFIER = iti.KamelnaTests;
				PRODUCT_NAME = "$(TARGET_NAME)";
				SWIFT_EMIT_LOC_STRINGS = NO;
				SWIFT_VERSION = 5.0;
				TARGETED_DEVICE_FAMILY = "1,2";
				TEST_HOST = "$(BUILT_PRODUCTS_DIR)/Kamelna.app/$(BUNDLE_EXECUTABLE_FOLDER_PATH)/Kamelna";
			};
			name = Release;
		};
		F58D59BE2DBF8689007AE133 /* Debug */ = {
			isa = XCBuildConfiguration;
			buildSettings = {
				CODE_SIGN_STYLE = Automatic;
				CURRENT_PROJECT_VERSION = 1;
				DEVELOPMENT_TEAM = ZA23JTQV5N;
				GENERATE_INFOPLIST_FILE = YES;
				MARKETING_VERSION = 1.0;
				PRODUCT_BUNDLE_IDENTIFIER = iti.KamelnaUITests;
				PRODUCT_NAME = "$(TARGET_NAME)";
				SWIFT_EMIT_LOC_STRINGS = NO;
				SWIFT_VERSION = 5.0;
				TARGETED_DEVICE_FAMILY = "1,2";
				TEST_TARGET_NAME = Kamelna;
			};
			name = Debug;
		};
		F58D59BF2DBF8689007AE133 /* Release */ = {
			isa = XCBuildConfiguration;
			buildSettings = {
				CODE_SIGN_STYLE = Automatic;
				CURRENT_PROJECT_VERSION = 1;
				DEVELOPMENT_TEAM = ZA23JTQV5N;
				GENERATE_INFOPLIST_FILE = YES;
				MARKETING_VERSION = 1.0;
				PRODUCT_BUNDLE_IDENTIFIER = iti.KamelnaUITests;
				PRODUCT_NAME = "$(TARGET_NAME)";
				SWIFT_EMIT_LOC_STRINGS = NO;
				SWIFT_VERSION = 5.0;
				TARGETED_DEVICE_FAMILY = "1,2";
				TEST_TARGET_NAME = Kamelna;
			};
			name = Release;
		};
/* End XCBuildConfiguration section */

/* Begin XCConfigurationList section */
		F58D59892DBF8687007AE133 /* Build configuration list for PBXProject "Kamelna" */ = {
			isa = XCConfigurationList;
			buildConfigurations = (
				F58D59B52DBF8689007AE133 /* Debug */,
				F58D59B62DBF8689007AE133 /* Release */,
			);
			defaultConfigurationIsVisible = 0;
			defaultConfigurationName = Release;
		};
		F58D59B72DBF8689007AE133 /* Build configuration list for PBXNativeTarget "Kamelna" */ = {
			isa = XCConfigurationList;
			buildConfigurations = (
				F58D59B82DBF8689007AE133 /* Debug */,
				F58D59B92DBF8689007AE133 /* Release */,
			);
			defaultConfigurationIsVisible = 0;
			defaultConfigurationName = Release;
		};
		F58D59BA2DBF8689007AE133 /* Build configuration list for PBXNativeTarget "KamelnaTests" */ = {
			isa = XCConfigurationList;
			buildConfigurations = (
				F58D59BB2DBF8689007AE133 /* Debug */,
				F58D59BC2DBF8689007AE133 /* Release */,
			);
			defaultConfigurationIsVisible = 0;
			defaultConfigurationName = Release;
		};
		F58D59BD2DBF8689007AE133 /* Build configuration list for PBXNativeTarget "KamelnaUITests" */ = {
			isa = XCConfigurationList;
			buildConfigurations = (
				F58D59BE2DBF8689007AE133 /* Debug */,
				F58D59BF2DBF8689007AE133 /* Release */,
			);
			defaultConfigurationIsVisible = 0;
			defaultConfigurationName = Release;
		};
/* End XCConfigurationList section */

/* Begin XCRemoteSwiftPackageReference section */
		F5D40CB32DC22B7400B78B0F /* XCRemoteSwiftPackageReference "firebase-ios-sdk" */ = {
			isa = XCRemoteSwiftPackageReference;
			repositoryURL = "https://github.com/firebase/firebase-ios-sdk";
			requirement = {
				kind = upToNextMajorVersion;
				minimumVersion = 11.12.0;
			};
		};
/* End XCRemoteSwiftPackageReference section */

/* Begin XCSwiftPackageProductDependency section */
		F5D40CB42DC22B7400B78B0F /* FirebaseAuth */ = {
			isa = XCSwiftPackageProductDependency;
			package = F5D40CB32DC22B7400B78B0F /* XCRemoteSwiftPackageReference "firebase-ios-sdk" */;
			productName = FirebaseAuth;
		};
		F5D40CB62DC22B7400B78B0F /* FirebaseCore */ = {
			isa = XCSwiftPackageProductDependency;
			package = F5D40CB32DC22B7400B78B0F /* XCRemoteSwiftPackageReference "firebase-ios-sdk" */;
			productName = FirebaseCore;
		};
		F5D40CB82DC22B7400B78B0F /* FirebaseDatabase */ = {
			isa = XCSwiftPackageProductDependency;
			package = F5D40CB32DC22B7400B78B0F /* XCRemoteSwiftPackageReference "firebase-ios-sdk" */;
			productName = FirebaseDatabase;
		};
		F5D40CBA2DC22B7400B78B0F /* FirebaseFirestore */ = {
			isa = XCSwiftPackageProductDependency;
			package = F5D40CB32DC22B7400B78B0F /* XCRemoteSwiftPackageReference "firebase-ios-sdk" */;
			productName = FirebaseFirestore;
		};
		F5D40CBC2DC22B7400B78B0F /* FirebaseFunctions */ = {
			isa = XCSwiftPackageProductDependency;
			package = F5D40CB32DC22B7400B78B0F /* XCRemoteSwiftPackageReference "firebase-ios-sdk" */;
			productName = FirebaseFunctions;
		};
		F5D40CBE2DC22B7400B78B0F /* FirebaseMessaging */ = {
			isa = XCSwiftPackageProductDependency;
			package = F5D40CB32DC22B7400B78B0F /* XCRemoteSwiftPackageReference "firebase-ios-sdk" */;
			productName = FirebaseMessaging;
		};
/* End XCSwiftPackageProductDependency section */
	};
	rootObject = F58D59862DBF8687007AE133 /* Project object */;
}
